
Microsoft Visual Studio Solution File, Format Version 12.00
# Visual Studio Version 17
VisualStudioVersion = 17.10.35013.160
MinimumVisualStudioVersion = 10.0.40219.1
Project("{FAE04EC0-301F-11D3-BF4B-00C04F79EFBC}") = "LookingForLove", "LookingForLove\LookingForLove.csproj", "{B390B490-D944-4B46-AA24-8AA5C444AC47}"
EndProject
Global
	GlobalSection(SolutionConfigurationPlatforms) = preSolution
		Debug|Any CPU = Debug|Any CPU
		Release|Any CPU = Release|Any CPU
	EndGlobalSection
	GlobalSection(ProjectConfigurationPlatforms) = postSolution
		{B390B490-D944-4B46-AA24-8AA5C444AC47}.Debug|Any CPU.ActiveCfg = Debug|Any CPU
		{B390B490-D944-4B46-AA24-8AA5C444AC47}.Debug|Any CPU.Build.0 = Debug|Any CPU
		{B390B490-D944-4B46-AA24-8AA5C444AC47}.Release|Any CPU.ActiveCfg = Release|Any CPU
		{B390B490-D944-4B46-AA24-8AA5C444AC47}.Release|Any CPU.Build.0 = Release|Any CPU
	EndGlobalSection
	GlobalSection(SolutionProperties) = preSolution
		HideSolutionNode = FALSE
	EndGlobalSection
	GlobalSection(ExtensibilityGlobals) = postSolution
		SolutionGuid = {52EE0463-4645-43DF-8619-BB92F67DC995}
	EndGlobalSection
EndGlobal
